
Microsoft Visual Studio Solution File, Format Version 12.00
# Visual Studio Version 17
VisualStudioVersion = 17.0.31912.275
MinimumVisualStudioVersion = 10.0.40219.1
Project("{FAE04EC0-301F-11D3-BF4B-00C04F79EFBC}") = "Lesson06.11.23", "Lesson06.11.23.csproj", "{2C54D7B5-92B9-4F5F-99EB-430F0FFDE117}"
EndProject
Global
	GlobalSection(SolutionConfigurationPlatforms) = preSolution
		Debug|Any CPU = Debug|Any CPU
		Release|Any CPU = Release|Any CPU
	EndGlobalSection
	GlobalSection(ProjectConfigurationPlatforms) = postSolution
		{2C54D7B5-92B9-4F5F-99EB-430F0FFDE117}.Debug|Any CPU.ActiveCfg = Debug|Any CPU
		{2C54D7B5-92B9-4F5F-99EB-430F0FFDE117}.Debug|Any CPU.Build.0 = Debug|Any CPU
		{2C54D7B5-92B9-4F5F-99EB-430F0FFDE117}.Release|Any CPU.ActiveCfg = Release|Any CPU
		{2C54D7B5-92B9-4F5F-99EB-430F0FFDE117}.Release|Any CPU.Build.0 = Release|Any CPU
	EndGlobalSection
	GlobalSection(SolutionProperties) = preSolution
		HideSolutionNode = FALSE
	EndGlobalSection
	GlobalSection(ExtensibilityGlobals) = postSolution
		SolutionGuid = {F0340962-5F94-4B7C-8257-5B9F827EB8A3}
	EndGlobalSection
EndGlobal
