
Microsoft Visual Studio Solution File, Format Version 12.00
# Visual Studio Version 17
VisualStudioVersion = 17.4.33205.214
MinimumVisualStudioVersion = 10.0.40219.1
Project("{FAE04EC0-301F-11D3-BF4B-00C04F79EFBC}") = "DZ16.12.23", "DZ16.12.23.csproj", "{3CA1E025-BC78-4F6E-A8B8-6CDA09064613}"
EndProject
Global
	GlobalSection(SolutionConfigurationPlatforms) = preSolution
		Debug|Any CPU = Debug|Any CPU
		Release|Any CPU = Release|Any CPU
	EndGlobalSection
	GlobalSection(ProjectConfigurationPlatforms) = postSolution
		{3CA1E025-BC78-4F6E-A8B8-6CDA09064613}.Debug|Any CPU.ActiveCfg = Debug|Any CPU
		{3CA1E025-BC78-4F6E-A8B8-6CDA09064613}.Debug|Any CPU.Build.0 = Debug|Any CPU
		{3CA1E025-BC78-4F6E-A8B8-6CDA09064613}.Release|Any CPU.ActiveCfg = Release|Any CPU
		{3CA1E025-BC78-4F6E-A8B8-6CDA09064613}.Release|Any CPU.Build.0 = Release|Any CPU
	EndGlobalSection
	GlobalSection(SolutionProperties) = preSolution
		HideSolutionNode = FALSE
	EndGlobalSection
	GlobalSection(ExtensibilityGlobals) = postSolution
		SolutionGuid = {79B096DE-7910-414C-A885-B17AFE8E1A92}
	EndGlobalSection
EndGlobal
